# THIS IS AN AUTOGENERATED FILE. DO NOT EDIT THIS FILE DIRECTLY.
# yarn lockfile v1


serde@^0.0.1:
  version "0.0.1"
  resolved "https://registry.yarnpkg.com/serde/-/serde-0.0.1.tgz#ad823c2fa29f64a53f1c3614c9c9ca761dcd449a"
  integrity sha512-Zp09qhLT+lwQt6mJEdj/WButsf3hpG1db2TrCn1Piw/lcY003ccwelGlqX0GtImf2nPpPSYl61Lq63lh+NiXdA==
